<Solution>
  <Project Path="first/first.csproj" />
  <Project Path="lab1_1/lab1_1.csproj" />
  <Project Path="Lab1_2/Lab1_2.csproj" Id="04ca20c3-efba-440c-8529-4427d28f0caf" />
  <Project Path="Lab1_3/Lab1_3.csproj" Id="17844405-fd5f-4bf9-b1e9-1a9ae4b26794" />
  <Project Path="lab1_4/lab1_4.csproj" Id="53aefffe-95f6-4df3-87f7-b5eb976b6c9a" />
  <Project Path="Lab2_2/Lab2_2.csproj" Id="6fa9684d-68a0-4092-8da9-aa1c212a4c18" />
  <Project Path="lab2_3/lab2_3.csproj" Id="7b71e2b3-20bf-416f-96af-8113b6dfe848" />
</Solution>
